
Microsoft Visual Studio Solution File, Format Version 12.00
# Visual Studio Version 17
VisualStudioVersion = 17.4.33213.308
MinimumVisualStudioVersion = 10.0.40219.1
Project("{8BC9CEB8-8B4A-11D0-8D11-00A0C91BC942}") = "Inheritance", "Inheritance\Inheritance.vcxproj", "{B447C489-2F85-4231-978D-B525399DF161}"
EndProject
Project("{8BC9CEB8-8B4A-11D0-8D11-00A0C91BC942}") = "Serialize", "Serialize\Serialize.vcxproj", "{B165FADA-F620-46A8-B966-0EBD2B626C33}"
EndProject
Project("{8BC9CEB8-8B4A-11D0-8D11-00A0C91BC942}") = "Deserialize", "Deserialize\Deserialize.vcxproj", "{A944EAEF-FDB6-4697-93B8-5395B867D70C}"
EndProject
Global
	GlobalSection(SolutionConfigurationPlatforms) = preSolution
		Debug|x64 = Debug|x64
		Debug|x86 = Debug|x86
		Release|x64 = Release|x64
		Release|x86 = Release|x86
	EndGlobalSection
	GlobalSection(ProjectConfigurationPlatforms) = postSolution
		{B447C489-2F85-4231-978D-B525399DF161}.Debug|x64.ActiveCfg = Debug|x64
		{B447C489-2F85-4231-978D-B525399DF161}.Debug|x64.Build.0 = Debug|x64
		{B447C489-2F85-4231-978D-B525399DF161}.Debug|x86.ActiveCfg = Debug|Win32
		{B447C489-2F85-4231-978D-B525399DF161}.Debug|x86.Build.0 = Debug|Win32
		{B447C489-2F85-4231-978D-B525399DF161}.Release|x64.ActiveCfg = Release|x64
		{B447C489-2F85-4231-978D-B525399DF161}.Release|x64.Build.0 = Release|x64
		{B447C489-2F85-4231-978D-B525399DF161}.Release|x86.ActiveCfg = Release|Win32
		{B447C489-2F85-4231-978D-B525399DF161}.Release|x86.Build.0 = Release|Win32
		{B165FADA-F620-46A8-B966-0EBD2B626C33}.Debug|x64.ActiveCfg = Debug|x64
		{B165FADA-F620-46A8-B966-0EBD2B626C33}.Debug|x64.Build.0 = Debug|x64
		{B165FADA-F620-46A8-B966-0EBD2B626C33}.Debug|x86.ActiveCfg = Debug|Win32
		{B165FADA-F620-46A8-B966-0EBD2B626C33}.Debug|x86.Build.0 = Debug|Win32
		{B165FADA-F620-46A8-B966-0EBD2B626C33}.Release|x64.ActiveCfg = Release|x64
		{B165FADA-F620-46A8-B966-0EBD2B626C33}.Release|x64.Build.0 = Release|x64
		{B165FADA-F620-46A8-B966-0EBD2B626C33}.Release|x86.ActiveCfg = Release|Win32
		{B165FADA-F620-46A8-B966-0EBD2B626C33}.Release|x86.Build.0 = Release|Win32
		{A944EAEF-FDB6-4697-93B8-5395B867D70C}.Debug|x64.ActiveCfg = Debug|x64
		{A944EAEF-FDB6-4697-93B8-5395B867D70C}.Debug|x64.Build.0 = Debug|x64
		{A944EAEF-FDB6-4697-93B8-5395B867D70C}.Debug|x86.ActiveCfg = Debug|Win32
		{A944EAEF-FDB6-4697-93B8-5395B867D70C}.Debug|x86.Build.0 = Debug|Win32
		{A944EAEF-FDB6-4697-93B8-5395B867D70C}.Release|x64.ActiveCfg = Release|x64
		{A944EAEF-FDB6-4697-93B8-5395B867D70C}.Release|x64.Build.0 = Release|x64
		{A944EAEF-FDB6-4697-93B8-5395B867D70C}.Release|x86.ActiveCfg = Release|Win32
		{A944EAEF-FDB6-4697-93B8-5395B867D70C}.Release|x86.Build.0 = Release|Win32
	EndGlobalSection
	GlobalSection(SolutionProperties) = preSolution
		HideSolutionNode = FALSE
	EndGlobalSection
	GlobalSection(ExtensibilityGlobals) = postSolution
		SolutionGuid = {41E49028-E668-40FF-A36D-E39592D09FC2}
	EndGlobalSection
EndGlobal
