
Microsoft Visual Studio Solution File, Format Version 12.00
# Visual Studio Version 17
VisualStudioVersion = 17.4.33213.308
MinimumVisualStudioVersion = 10.0.40219.1
Project("{8BC9CEB8-8B4A-11D0-8D11-00A0C91BC942}") = "Classes", "Classes\Classes.vcxproj", "{71C3A3AC-4D45-4625-8B7B-F7330DDF53B5}"
EndProject
Project("{8BC9CEB8-8B4A-11D0-8D11-00A0C91BC942}") = "Serialize", "..\Serialize\Serialize.vcxproj", "{A7410728-262C-4D5B-8CB6-268B5C78C651}"
EndProject
Project("{8BC9CEB8-8B4A-11D0-8D11-00A0C91BC942}") = "Deserialize", "..\Deserialize\Deserialize.vcxproj", "{EA8A1045-9464-434A-87AD-0CAA60DF32B2}"
EndProject
Global
	GlobalSection(SolutionConfigurationPlatforms) = preSolution
		Debug|x64 = Debug|x64
		Debug|x86 = Debug|x86
		Release|x64 = Release|x64
		Release|x86 = Release|x86
	EndGlobalSection
	GlobalSection(ProjectConfigurationPlatforms) = postSolution
		{71C3A3AC-4D45-4625-8B7B-F7330DDF53B5}.Debug|x64.ActiveCfg = Debug|x64
		{71C3A3AC-4D45-4625-8B7B-F7330DDF53B5}.Debug|x64.Build.0 = Debug|x64
		{71C3A3AC-4D45-4625-8B7B-F7330DDF53B5}.Debug|x86.ActiveCfg = Debug|Win32
		{71C3A3AC-4D45-4625-8B7B-F7330DDF53B5}.Debug|x86.Build.0 = Debug|Win32
		{71C3A3AC-4D45-4625-8B7B-F7330DDF53B5}.Release|x64.ActiveCfg = Release|x64
		{71C3A3AC-4D45-4625-8B7B-F7330DDF53B5}.Release|x64.Build.0 = Release|x64
		{71C3A3AC-4D45-4625-8B7B-F7330DDF53B5}.Release|x86.ActiveCfg = Release|Win32
		{71C3A3AC-4D45-4625-8B7B-F7330DDF53B5}.Release|x86.Build.0 = Release|Win32
		{A7410728-262C-4D5B-8CB6-268B5C78C651}.Debug|x64.ActiveCfg = Debug|x64
		{A7410728-262C-4D5B-8CB6-268B5C78C651}.Debug|x64.Build.0 = Debug|x64
		{A7410728-262C-4D5B-8CB6-268B5C78C651}.Debug|x86.ActiveCfg = Debug|Win32
		{A7410728-262C-4D5B-8CB6-268B5C78C651}.Debug|x86.Build.0 = Debug|Win32
		{A7410728-262C-4D5B-8CB6-268B5C78C651}.Release|x64.ActiveCfg = Release|x64
		{A7410728-262C-4D5B-8CB6-268B5C78C651}.Release|x64.Build.0 = Release|x64
		{A7410728-262C-4D5B-8CB6-268B5C78C651}.Release|x86.ActiveCfg = Release|Win32
		{A7410728-262C-4D5B-8CB6-268B5C78C651}.Release|x86.Build.0 = Release|Win32
		{EA8A1045-9464-434A-87AD-0CAA60DF32B2}.Debug|x64.ActiveCfg = Debug|x64
		{EA8A1045-9464-434A-87AD-0CAA60DF32B2}.Debug|x64.Build.0 = Debug|x64
		{EA8A1045-9464-434A-87AD-0CAA60DF32B2}.Debug|x86.ActiveCfg = Debug|Win32
		{EA8A1045-9464-434A-87AD-0CAA60DF32B2}.Debug|x86.Build.0 = Debug|Win32
		{EA8A1045-9464-434A-87AD-0CAA60DF32B2}.Release|x64.ActiveCfg = Release|x64
		{EA8A1045-9464-434A-87AD-0CAA60DF32B2}.Release|x64.Build.0 = Release|x64
		{EA8A1045-9464-434A-87AD-0CAA60DF32B2}.Release|x86.ActiveCfg = Release|Win32
		{EA8A1045-9464-434A-87AD-0CAA60DF32B2}.Release|x86.Build.0 = Release|Win32
	EndGlobalSection
	GlobalSection(SolutionProperties) = preSolution
		HideSolutionNode = FALSE
	EndGlobalSection
	GlobalSection(ExtensibilityGlobals) = postSolution
		SolutionGuid = {70E63A7A-3C1E-434A-9733-FCC228EE6CD6}
	EndGlobalSection
EndGlobal
